
Microsoft Visual Studio Solution File, Format Version 12.00
# Visual Studio Version 16
VisualStudioVersion = 16.0.33328.57
MinimumVisualStudioVersion = 10.0.40219.1
Project("{FAE04EC0-301F-11D3-BF4B-00C04F79EFBC}") = "Job Portal", "Job Portal.csproj", "{1B7E6C64-B2C2-4F7D-AD8C-09E24BECC4F1}"
EndProject
Global
	GlobalSection(SolutionConfigurationPlatforms) = preSolution
		Debug|Any CPU = Debug|Any CPU
		Release|Any CPU = Release|Any CPU
	EndGlobalSection
	GlobalSection(ProjectConfigurationPlatforms) = postSolution
		{1B7E6C64-B2C2-4F7D-AD8C-09E24BECC4F1}.Debug|Any CPU.ActiveCfg = Debug|Any CPU
		{1B7E6C64-B2C2-4F7D-AD8C-09E24BECC4F1}.Debug|Any CPU.Build.0 = Debug|Any CPU
		{1B7E6C64-B2C2-4F7D-AD8C-09E24BECC4F1}.Release|Any CPU.ActiveCfg = Release|Any CPU
		{1B7E6C64-B2C2-4F7D-AD8C-09E24BECC4F1}.Release|Any CPU.Build.0 = Release|Any CPU
	EndGlobalSection
	GlobalSection(SolutionProperties) = preSolution
		HideSolutionNode = FALSE
	EndGlobalSection
	GlobalSection(ExtensibilityGlobals) = postSolution
		SolutionGuid = {29B7C003-86E0-437F-BEBE-DB312BF0B8BE}
	EndGlobalSection
EndGlobal
